// !$*UTF8*$!
{
	archiveVersion = 1;
	classes = {
	};
	objectVersion = 46;
	objects = {

/* Begin PBXBuildFile section */
		22B809D0197C4E88002DF9FB /* AppDelegate.swift in Sources */ = {isa = PBXBuildFile; fileRef = 22B809CF197C4E88002DF9FB /* AppDelegate.swift */; };
		22B809D2197C4E88002DF9FB /* ViewController.swift in Sources */ = {isa = PBXBuildFile; fileRef = 22B809D1197C4E88002DF9FB /* ViewController.swift */; };
		22B809D5197C4E88002DF9FB /* Main.storyboard in Resources */ = {isa = PBXBuildFile; fileRef = 22B809D3197C4E88002DF9FB /* Main.storyboard */; };
		22B809D7197C4E88002DF9FB /* Images.xcassets in Resources */ = {isa = PBXBuildFile; fileRef = 22B809D6197C4E88002DF9FB /* Images.xcassets */; };
		22B809E3197C4E89002DF9FB /* TestsAndSampleTests.swift in Sources */ = {isa = PBXBuildFile; fileRef = 22B809E2197C4E89002DF9FB /* TestsAndSampleTests.swift */; };
		22B809EE197C4EB5002DF9FB /* DisplayLinkClosures.swift in Sources */ = {isa = PBXBuildFile; fileRef = 22B809ED197C4EB5002DF9FB /* DisplayLinkClosures.swift */; };
		22B809EF197C4EB5002DF9FB /* DisplayLinkClosures.swift in Sources */ = {isa = PBXBuildFile; fileRef = 22B809ED197C4EB5002DF9FB /* DisplayLinkClosures.swift */; };
		22B809F2197CAD5C002DF9FB /* TimingFunctions.swift in Sources */ = {isa = PBXBuildFile; fileRef = 22B809F1197CAD5C002DF9FB /* TimingFunctions.swift */; };
		22B809F6197CB235002DF9FB /* NumeralExtension.swift in Sources */ = {isa = PBXBuildFile; fileRef = 22B809F5197CB235002DF9FB /* NumeralExtension.swift */; };
		22BE61EF197EDA6600507AC4 /* ScalarArithmetic.swift in Sources */ = {isa = PBXBuildFile; fileRef = 22BE61EE197EDA6600507AC4 /* ScalarArithmetic.swift */; };
		22BE61F0197EDA6600507AC4 /* ScalarArithmetic.swift in Sources */ = {isa = PBXBuildFile; fileRef = 22BE61EE197EDA6600507AC4 /* ScalarArithmetic.swift */; };
/* End PBXBuildFile section */

/* Begin PBXContainerItemProxy section */
		22B809DD197C4E89002DF9FB /* PBXContainerItemProxy */ = {
			isa = PBXContainerItemProxy;
			containerPortal = 22B809C2197C4E88002DF9FB /* Project object */;
			proxyType = 1;
			remoteGlobalIDString = 22B809C9197C4E88002DF9FB;
			remoteInfo = TestsAndSample;
		};
/* End PBXContainerItemProxy section */

/* Begin PBXFileReference section */
		22B809CA197C4E88002DF9FB /* TestsAndSample.app */ = {isa = PBXFileReference; explicitFileType = wrapper.application; includeInIndex = 0; path = TestsAndSample.app; sourceTree = BUILT_PRODUCTS_DIR; };
		22B809CE197C4E88002DF9FB /* Info.plist */ = {isa = PBXFileReference; lastKnownFileType = text.plist.xml; path = Info.plist; sourceTree = "<group>"; };
		22B809CF197C4E88002DF9FB /* AppDelegate.swift */ = {isa = PBXFileReference; lastKnownFileType = sourcecode.swift; path = AppDelegate.swift; sourceTree = "<group>"; };
		22B809D1197C4E88002DF9FB /* ViewController.swift */ = {isa = PBXFileReference; lastKnownFileType = sourcecode.swift; path = ViewController.swift; sourceTree = "<group>"; };
		22B809D4197C4E88002DF9FB /* Base */ = {isa = PBXFileReference; lastKnownFileType = file.storyboard; name = Base; path = Base.lproj/Main.storyboard; sourceTree = "<group>"; };
		22B809D6197C4E88002DF9FB /* Images.xcassets */ = {isa = PBXFileReference; lastKnownFileType = folder.assetcatalog; path = Images.xcassets; sourceTree = "<group>"; };
		22B809DC197C4E89002DF9FB /* TestsAndSampleTests.xctest */ = {isa = PBXFileReference; explicitFileType = wrapper.cfbundle; includeInIndex = 0; path = TestsAndSampleTests.xctest; sourceTree = BUILT_PRODUCTS_DIR; };
		22B809E1197C4E89002DF9FB /* Info.plist */ = {isa = PBXFileReference; lastKnownFileType = text.plist.xml; path = Info.plist; sourceTree = "<group>"; };
		22B809E2197C4E89002DF9FB /* TestsAndSampleTests.swift */ = {isa = PBXFileReference; lastKnownFileType = sourcecode.swift; path = TestsAndSampleTests.swift; sourceTree = "<group>"; };
		22B809ED197C4EB5002DF9FB /* DisplayLinkClosures.swift */ = {isa = PBXFileReference; fileEncoding = 4; lastKnownFileType = sourcecode.swift; path = DisplayLinkClosures.swift; sourceTree = "<group>"; };
		22B809F1197CAD5C002DF9FB /* TimingFunctions.swift */ = {isa = PBXFileReference; fileEncoding = 4; lastKnownFileType = sourcecode.swift; path = TimingFunctions.swift; sourceTree = "<group>"; };
		22B809F5197CB235002DF9FB /* NumeralExtension.swift */ = {isa = PBXFileReference; fileEncoding = 4; lastKnownFileType = sourcecode.swift; path = NumeralExtension.swift; sourceTree = "<group>"; };
		22BE61EE197EDA6600507AC4 /* ScalarArithmetic.swift */ = {isa = PBXFileReference; fileEncoding = 4; lastKnownFileType = sourcecode.swift; path = ScalarArithmetic.swift; sourceTree = "<group>"; };
/* End PBXFileReference section */

/* Begin PBXFrameworksBuildPhase section */
		22B809C7197C4E88002DF9FB /* Frameworks */ = {
			isa = PBXFrameworksBuildPhase;
			buildActionMask = 2147483647;
			files = (
			);
			runOnlyForDeploymentPostprocessing = 0;
		};
		22B809D9197C4E89002DF9FB /* Frameworks */ = {
			isa = PBXFrameworksBuildPhase;
			buildActionMask = 2147483647;
			files = (
			);
			runOnlyForDeploymentPostprocessing = 0;
		};
/* End PBXFrameworksBuildPhase section */

/* Begin PBXGroup section */
		22B809C1197C4E88002DF9FB = {
			isa = PBXGroup;
			children = (
				22BE61ED197EDA6600507AC4 /* ScalarArithmetic */,
				22B809F4197CB235002DF9FB /* NumeralExtension */,
				22B809F0197CAD5C002DF9FB /* TimingFunctions */,
				22B809EC197C4E95002DF9FB /* DisplayLinkClosures */,
				22B809CC197C4E88002DF9FB /* TestsAndSample */,
				22B809DF197C4E89002DF9FB /* TestsAndSampleTests */,
				22B809CB197C4E88002DF9FB /* Products */,
			);
			sourceTree = "<group>";
		};
		22B809CB197C4E88002DF9FB /* Products */ = {
			isa = PBXGroup;
			children = (
				22B809CA197C4E88002DF9FB /* TestsAndSample.app */,
				22B809DC197C4E89002DF9FB /* TestsAndSampleTests.xctest */,
			);
			name = Products;
			sourceTree = "<group>";
		};
		22B809CC197C4E88002DF9FB /* TestsAndSample */ = {
			isa = PBXGroup;
			children = (
				22B809CF197C4E88002DF9FB /* AppDelegate.swift */,
				22B809D1197C4E88002DF9FB /* ViewController.swift */,
				22B809D3197C4E88002DF9FB /* Main.storyboard */,
				22B809D6197C4E88002DF9FB /* Images.xcassets */,
				22B809CD197C4E88002DF9FB /* Supporting Files */,
			);
			path = TestsAndSample;
			sourceTree = "<group>";
		};
		22B809CD197C4E88002DF9FB /* Supporting Files */ = {
			isa = PBXGroup;
			children = (
				22B809CE197C4E88002DF9FB /* Info.plist */,
			);
			name = "Supporting Files";
			sourceTree = "<group>";
		};
		22B809DF197C4E89002DF9FB /* TestsAndSampleTests */ = {
			isa = PBXGroup;
			children = (
				22B809E2197C4E89002DF9FB /* TestsAndSampleTests.swift */,
				22B809E0197C4E89002DF9FB /* Supporting Files */,
			);
			path = TestsAndSampleTests;
			sourceTree = "<group>";
		};
		22B809E0197C4E89002DF9FB /* Supporting Files */ = {
			isa = PBXGroup;
			children = (
				22B809E1197C4E89002DF9FB /* Info.plist */,
			);
			name = "Supporting Files";
			sourceTree = "<group>";
		};
		22B809EC197C4E95002DF9FB /* DisplayLinkClosures */ = {
			isa = PBXGroup;
			children = (
				22B809ED197C4EB5002DF9FB /* DisplayLinkClosures.swift */,
			);
			name = DisplayLinkClosures;
			path = ../DisplayLinkClosures;
			sourceTree = "<group>";
		};
		22B809F0197CAD5C002DF9FB /* TimingFunctions */ = {
			isa = PBXGroup;
			children = (
				22B809F1197CAD5C002DF9FB /* TimingFunctions.swift */,
			);
			path = TimingFunctions;
			sourceTree = "<group>";
		};
		22B809F4197CB235002DF9FB /* NumeralExtension */ = {
			isa = PBXGroup;
			children = (
				22B809F5197CB235002DF9FB /* NumeralExtension.swift */,
			);
			path = NumeralExtension;
			sourceTree = "<group>";
		};
		22BE61ED197EDA6600507AC4 /* ScalarArithmetic */ = {
			isa = PBXGroup;
			children = (
				22BE61EE197EDA6600507AC4 /* ScalarArithmetic.swift */,
			);
			path = ScalarArithmetic;
			sourceTree = "<group>";
		};
/* End PBXGroup section */

/* Begin PBXNativeTarget section */
		22B809C9197C4E88002DF9FB /* TestsAndSample */ = {
			isa = PBXNativeTarget;
			buildConfigurationList = 22B809E6197C4E89002DF9FB /* Build configuration list for PBXNativeTarget "TestsAndSample" */;
			buildPhases = (
				22B809C6197C4E88002DF9FB /* Sources */,
				22B809C7197C4E88002DF9FB /* Frameworks */,
				22B809C8197C4E88002DF9FB /* Resources */,
			);
			buildRules = (
			);
			dependencies = (
			);
			name = TestsAndSample;
			productName = TestsAndSample;
			productReference = 22B809CA197C4E88002DF9FB /* TestsAndSample.app */;
			productType = "com.apple.product-type.application";
		};
		22B809DB197C4E89002DF9FB /* TestsAndSampleTests */ = {
			isa = PBXNativeTarget;
			buildConfigurationList = 22B809E9197C4E89002DF9FB /* Build configuration list for PBXNativeTarget "TestsAndSampleTests" */;
			buildPhases = (
				22B809D8197C4E89002DF9FB /* Sources */,
				22B809D9197C4E89002DF9FB /* Frameworks */,
				22B809DA197C4E89002DF9FB /* Resources */,
			);
			buildRules = (
			);
			dependencies = (
				22B809DE197C4E89002DF9FB /* PBXTargetDependency */,
			);
			name = TestsAndSampleTests;
			productName = TestsAndSampleTests;
			productReference = 22B809DC197C4E89002DF9FB /* TestsAndSampleTests.xctest */;
			productType = "com.apple.product-type.bundle.unit-test";
		};
/* End PBXNativeTarget section */

/* Begin PBXProject section */
		22B809C2197C4E88002DF9FB /* Project object */ = {
			isa = PBXProject;
			attributes = {
				LastUpgradeCheck = 0600;
				ORGANIZATIONNAME = "Seivan Heidari";
				TargetAttributes = {
					22B809C9197C4E88002DF9FB = {
						CreatedOnToolsVersion = 6.0;
					};
					22B809DB197C4E89002DF9FB = {
						CreatedOnToolsVersion = 6.0;
						TestTargetID = 22B809C9197C4E88002DF9FB;
					};
				};
			};
			buildConfigurationList = 22B809C5197C4E88002DF9FB /* Build configuration list for PBXProject "TestsAndSample" */;
			compatibilityVersion = "Xcode 3.2";
			developmentRegion = English;
			hasScannedForEncodings = 0;
			knownRegions = (
				en,
				Base,
			);
			mainGroup = 22B809C1197C4E88002DF9FB;
			productRefGroup = 22B809CB197C4E88002DF9FB /* Products */;
			projectDirPath = "";
			projectRoot = "";
			targets = (
				22B809C9197C4E88002DF9FB /* TestsAndSample */,
				22B809DB197C4E89002DF9FB /* TestsAndSampleTests */,
			);
		};
/* End PBXProject section */

/* Begin PBXResourcesBuildPhase section */
		22B809C8197C4E88002DF9FB /* Resources */ = {
			isa = PBXResourcesBuildPhase;
			buildActionMask = 2147483647;
			files = (
				22B809D5197C4E88002DF9FB /* Main.storyboard in Resources */,
				22B809D7197C4E88002DF9FB /* Images.xcassets in Resources */,
			);
			runOnlyForDeploymentPostprocessing = 0;
		};
		22B809DA197C4E89002DF9FB /* Resources */ = {
			isa = PBXResourcesBuildPhase;
			buildActionMask = 2147483647;
			files = (
			);
			runOnlyForDeploymentPostprocessing = 0;
		};
/* End PBXResourcesBuildPhase section */

/* Begin PBXSourcesBuildPhase section */
		22B809C6197C4E88002DF9FB /* Sources */ = {
			isa = PBXSourcesBuildPhase;
			buildActionMask = 2147483647;
			files = (
				22B809D2197C4E88002DF9FB /* ViewController.swift in Sources */,
				22BE61EF197EDA6600507AC4 /* ScalarArithmetic.swift in Sources */,
				22B809F2197CAD5C002DF9FB /* TimingFunctions.swift in Sources */,
				22B809F6197CB235002DF9FB /* NumeralExtension.swift in Sources */,
				22B809EE197C4EB5002DF9FB /* DisplayLinkClosures.swift in Sources */,
				22B809D0197C4E88002DF9FB /* AppDelegate.swift in Sources */,
			);
			runOnlyForDeploymentPostprocessing = 0;
		};
		22B809D8197C4E89002DF9FB /* Sources */ = {
			isa = PBXSourcesBuildPhase;
			buildActionMask = 2147483647;
			files = (
				22B809EF197C4EB5002DF9FB /* DisplayLinkClosures.swift in Sources */,
				22BE61F0197EDA6600507AC4 /* ScalarArithmetic.swift in Sources */,
				22B809E3197C4E89002DF9FB /* TestsAndSampleTests.swift in Sources */,
			);
			runOnlyForDeploymentPostprocessing = 0;
		};
/* End PBXSourcesBuildPhase section */

/* Begin PBXTargetDependency section */
		22B809DE197C4E89002DF9FB /* PBXTargetDependency */ = {
			isa = PBXTargetDependency;
			target = 22B809C9197C4E88002DF9FB /* TestsAndSample */;
			targetProxy = 22B809DD197C4E89002DF9FB /* PBXContainerItemProxy */;
		};
/* End PBXTargetDependency section */

/* Begin PBXVariantGroup section */
		22B809D3197C4E88002DF9FB /* Main.storyboard */ = {
			isa = PBXVariantGroup;
			children = (
				22B809D4197C4E88002DF9FB /* Base */,
			);
			name = Main.storyboard;
			sourceTree = "<group>";
		};
/* End PBXVariantGroup section */

/* Begin XCBuildConfiguration section */
		22B809E4197C4E89002DF9FB /* Debug */ = {
			isa = XCBuildConfiguration;
			buildSettings = {
				ALWAYS_SEARCH_USER_PATHS = NO;
				CLANG_CXX_LANGUAGE_STANDARD = "gnu++0x";
				CLANG_CXX_LIBRARY = "libc++";
				CLANG_ENABLE_MODULES = YES;
				CLANG_ENABLE_OBJC_ARC = YES;
				CLANG_WARN_BOOL_CONVERSION = YES;
				CLANG_WARN_CONSTANT_CONVERSION = YES;
				CLANG_WARN_DIRECT_OBJC_ISA_USAGE = YES_ERROR;
				CLANG_WARN_EMPTY_BODY = YES;
				CLANG_WARN_ENUM_CONVERSION = YES;
				CLANG_WARN_INT_CONVERSION = YES;
				CLANG_WARN_OBJC_ROOT_CLASS = YES_ERROR;
				CLANG_WARN_UNREACHABLE_CODE = YES;
				CLANG_WARN__DUPLICATE_METHOD_MATCH = YES;
				"CODE_SIGN_IDENTITY[sdk=iphoneos*]" = "iPhone Developer";
				COPY_PHASE_STRIP = NO;
				ENABLE_STRICT_OBJC_MSGSEND = YES;
				GCC_C_LANGUAGE_STANDARD = gnu99;
				GCC_DYNAMIC_NO_PIC = NO;
				GCC_OPTIMIZATION_LEVEL = 0;
				GCC_PREPROCESSOR_DEFINITIONS = (
					"DEBUG=1",
					"$(inherited)",
				);
				GCC_SYMBOLS_PRIVATE_EXTERN = NO;
				GCC_WARN_64_TO_32_BIT_CONVERSION = YES;
				GCC_WARN_ABOUT_RETURN_TYPE = YES_ERROR;
				GCC_WARN_UNDECLARED_SELECTOR = YES;
				GCC_WARN_UNINITIALIZED_AUTOS = YES_AGGRESSIVE;
				GCC_WARN_UNUSED_FUNCTION = YES;
				GCC_WARN_UNUSED_VARIABLE = YES;
				IPHONEOS_DEPLOYMENT_TARGET = 8.0;
				MTL_ENABLE_DEBUG_INFO = YES;
				ONLY_ACTIVE_ARCH = YES;
				SDKROOT = iphoneos;
				SWIFT_OPTIMIZATION_LEVEL = "-Onone";
				TARGETED_DEVICE_FAMILY = "1,2";
			};
			name = Debug;
		};
		22B809E5197C4E89002DF9FB /* Release */ = {
			isa = XCBuildConfiguration;
			buildSettings = {
				ALWAYS_SEARCH_USER_PATHS = NO;
				CLANG_CXX_LANGUAGE_STANDARD = "gnu++0x";
				CLANG_CXX_LIBRARY = "libc++";
				CLANG_ENABLE_MODULES = YES;
				CLANG_ENABLE_OBJC_ARC = YES;
				CLANG_WARN_BOOL_CONVERSION = YES;
				CLANG_WARN_CONSTANT_CONVERSION = YES;
				CLANG_WARN_DIRECT_OBJC_ISA_USAGE = YES_ERROR;
				CLANG_WARN_EMPTY_BODY = YES;
				CLANG_WARN_ENUM_CONVERSION = YES;
				CLANG_WARN_INT_CONVERSION = YES;
				CLANG_WARN_OBJC_ROOT_CLASS = YES_ERROR;
				CLANG_WARN_UNREACHABLE_CODE = YES;
				CLANG_WARN__DUPLICATE_METHOD_MATCH = YES;
				"CODE_SIGN_IDENTITY[sdk=iphoneos*]" = "iPhone Developer";
				COPY_PHASE_STRIP = YES;
				ENABLE_NS_ASSERTIONS = NO;
				ENABLE_STRICT_OBJC_MSGSEND = YES;
				GCC_C_LANGUAGE_STANDARD = gnu99;
				GCC_WARN_64_TO_32_BIT_CONVERSION = YES;
				GCC_WARN_ABOUT_RETURN_TYPE = YES_ERROR;
				GCC_WARN_UNDECLARED_SELECTOR = YES;
				GCC_WARN_UNINITIALIZED_AUTOS = YES_AGGRESSIVE;
				GCC_WARN_UNUSED_FUNCTION = YES;
				GCC_WARN_UNUSED_VARIABLE = YES;
				IPHONEOS_DEPLOYMENT_TARGET = 8.0;
				MTL_ENABLE_DEBUG_INFO = NO;
				SDKROOT = iphoneos;
				TARGETED_DEVICE_FAMILY = "1,2";
				VALIDATE_PRODUCT = YES;
			};
			name = Release;
		};
		22B809E7197C4E89002DF9FB /* Debug */ = {
			isa = XCBuildConfiguration;
			buildSettings = {
				ASSETCATALOG_COMPILER_APPICON_NAME = AppIcon;
				ASSETCATALOG_COMPILER_LAUNCHIMAGE_NAME = LaunchImage;
				INFOPLIST_FILE = TestsAndSample/Info.plist;
				LD_RUNPATH_SEARCH_PATHS = "$(inherited) @executable_path/Frameworks";
				PRODUCT_NAME = "$(TARGET_NAME)";
			};
			name = Debug;
		};
		22B809E8197C4E89002DF9FB /* Release */ = {
			isa = XCBuildConfiguration;
			buildSettings = {
				ASSETCATALOG_COMPILER_APPICON_NAME = AppIcon;
				ASSETCATALOG_COMPILER_LAUNCHIMAGE_NAME = LaunchImage;
				INFOPLIST_FILE = TestsAndSample/Info.plist;
				LD_RUNPATH_SEARCH_PATHS = "$(inherited) @executable_path/Frameworks";
				PRODUCT_NAME = "$(TARGET_NAME)";
			};
			name = Release;
		};
		22B809EA197C4E89002DF9FB /* Debug */ = {
			isa = XCBuildConfiguration;
			buildSettings = {
				BUNDLE_LOADER = "$(BUILT_PRODUCTS_DIR)/TestsAndSample.app/TestsAndSample";
				FRAMEWORK_SEARCH_PATHS = (
					"$(SDKROOT)/Developer/Library/Frameworks",
					"$(inherited)",
				);
				GCC_PREPROCESSOR_DEFINITIONS = (
					"DEBUG=1",
					"$(inherited)",
				);
				INFOPLIST_FILE = TestsAndSampleTests/Info.plist;
				LD_RUNPATH_SEARCH_PATHS = "$(inherited) @executable_path/Frameworks @loader_path/Frameworks";
				PRODUCT_NAME = "$(TARGET_NAME)";
				TEST_HOST = "$(BUNDLE_LOADER)";
			};
			name = Debug;
		};
		22B809EB197C4E89002DF9FB /* Release */ = {
			isa = XCBuildConfiguration;
			buildSettings = {
				BUNDLE_LOADER = "$(BUILT_PRODUCTS_DIR)/TestsAndSample.app/TestsAndSample";
				FRAMEWORK_SEARCH_PATHS = (
					"$(SDKROOT)/Developer/Library/Frameworks",
					"$(inherited)",
				);
				INFOPLIST_FILE = TestsAndSampleTests/Info.plist;
				LD_RUNPATH_SEARCH_PATHS = "$(inherited) @executable_path/Frameworks @loader_path/Frameworks";
				PRODUCT_NAME = "$(TARGET_NAME)";
				TEST_HOST = "$(BUNDLE_LOADER)";
			};
			name = Release;
		};
/* End XCBuildConfiguration section */

/* Begin XCConfigurationList section */
		22B809C5197C4E88002DF9FB /* Build configuration list for PBXProject "TestsAndSample" */ = {
			isa = XCConfigurationList;
			buildConfigurations = (
				22B809E4197C4E89002DF9FB /* Debug */,
				22B809E5197C4E89002DF9FB /* Release */,
			);
			defaultConfigurationIsVisible = 0;
			defaultConfigurationName = Release;
		};
		22B809E6197C4E89002DF9FB /* Build configuration list for PBXNativeTarget "TestsAndSample" */ = {
			isa = XCConfigurationList;
			buildConfigurations = (
				22B809E7197C4E89002DF9FB /* Debug */,
				22B809E8197C4E89002DF9FB /* Release */,
			);
			defaultConfigurationIsVisible = 0;
			defaultConfigurationName = Release;
		};
		22B809E9197C4E89002DF9FB /* Build configuration list for PBXNativeTarget "TestsAndSampleTests" */ = {
			isa = XCConfigurationList;
			buildConfigurations = (
				22B809EA197C4E89002DF9FB /* Debug */,
				22B809EB197C4E89002DF9FB /* Release */,
			);
			defaultConfigurationIsVisible = 0;
			defaultConfigurationName = Release;
		};
/* End XCConfigurationList section */
	};
	rootObject = 22B809C2197C4E88002DF9FB /* Project object */;
}
